lockfileVersion: '9.0'

settings:
  autoInstallPeers: true
  excludeLinksFromLockfile: false

importers:

  .:
    dependencies:
      hono:
        specifier: ^4.12.10
        version: 4.12.10

packages:

  hono@4.12.10:
    resolution: {integrity: sha512-mx/p18PLy5og9ufies2GOSUqep98Td9q4i/EF6X7yJgAiIopxqdfIO3jbqsi3jRgTgw88jMDEzVKi+V2EF+27w==}
    engines: {node: '>=16.9.0'}

snapshots:

  hono@4.12.10: {}
