lockfileVersion: '9.0'

settings:
  autoInstallPeers: true
  excludeLinksFromLockfile: false

importers:

  .:
    dependencies:
      hono:
        specifier: ^4.12.8
        version: 4.12.8

packages:

  hono@4.12.8:
    resolution: {integrity: sha512-VJCEvtrezO1IAR+kqEYnxUOoStaQPGrCmX3j4wDTNOcD1uRPFpGlwQUIW8niPuvHXaTUxeOUl5MMDGrl+tmO9A==}
    engines: {node: '>=16.9.0'}

snapshots:

  hono@4.12.8: {}
